# This file was autogenerated by uv via the following command:
#    uv pip compile --generate-hashes requirements.txt
asttokens==3.0.0 \
    --hash=sha256:0dcd8baa8d62b0c1d118b399b2ddba3c4aff271d0d7a9e0d4c1681c79035bbc7 \
    --hash=sha256:e3078351a059199dd5138cb1c706e6430c05eff2ff136af5eb4790f9d28932e2
    # via
    #   -r requirements.txt
    #   stack-data
blinker==1.9.0 \
    --hash=sha256:b4ce2265a7abece45e7cc896e98dbebe6cead56bcf805a3d23136d145f5445bf \
    --hash=sha256:ba0efaa9080b619ff2f3459d1d500c57bddea4a6b424b60a91141db6fd2f08bc
    # via
    #   -r requirements.txt
    #   flask
certifi==2025.10.5 \
    --hash=sha256:0f212c2744a9bb6de0c56639a6f68afe01ecd92d91f14ae897c4fe7bbeeef0de \
    --hash=sha256:47c09d31ccf2acf0be3f701ea53595ee7e0b8fa08801c6624be771df09ae7b43
    # via
    #   -r requirements.txt
    #   pipenv
click==8.3.0 \
    --hash=sha256:9b9f285302c6e3064f4330c05f05b81945b2a39544279343e6e7c5f27a9baddc \
    --hash=sha256:e7b8232224eba16f4ebe410c25ced9f7875cb5f3263ffc93cc3e8da705e229c4
    # via
    #   -r requirements.txt
    #   flask
colorama==0.4.6 \
    --hash=sha256:08695f5cb7ed6e0531a20572697297273c47b8cae5a63ffc6d6ed5c201be6e44 \
    --hash=sha256:4f1d9991f5acc0ca119f9d443620b77f9d6b33703e51011c16baf57afb285fc6
    # via
    #   -r requirements.txt
    #   click
    #   ipython
comm==0.2.3 \
    --hash=sha256:2dc8048c10962d55d7ad693be1e7045d891b7ce8d999c97963a5e3e99c055971 \
    --hash=sha256:c615d91d75f7f04f095b30d1c1711babd43bdc6419c1be9886a85f2f4e489417
    # via
    #   -r requirements.txt
    #   ipykernel
debugpy==1.8.17 \
    --hash=sha256:045290c010bcd2d82bc97aa2daf6837443cd52f6328592698809b4549babcee1 \
    --hash=sha256:1440fd514e1b815edd5861ca394786f90eb24960eb26d6f7200994333b1d79e3 \
    --hash=sha256:17e456da14848d618662354e1dccfd5e5fb75deec3d1d48dc0aa0baacda55860 \
    --hash=sha256:24693179ef9dfa20dca8605905a42b392be56d410c333af82f1c5dff807a64cc \
    --hash=sha256:3a32c0af575749083d7492dc79f6ab69f21b2d2ad4cd977a958a07d5865316e4 \
    --hash=sha256:3bea3b0b12f3946e098cce9b43c3c46e317b567f79570c3f43f0b96d00788088 \
    --hash=sha256:5c59b74aa5630f3a5194467100c3b3d1c77898f9ab27e3f7dc5d40fc2f122670 \
    --hash=sha256:60c7dca6571efe660ccb7a9508d73ca14b8796c4ed484c2002abba714226cfef \
    --hash=sha256:6a4e9dacf2cbb60d2514ff7b04b4534b0139facbf2abdffe0639ddb6088e59cf \
    --hash=sha256:6c5cd6f009ad4fca8e33e5238210dc1e5f42db07d4b6ab21ac7ffa904a196420 \
    --hash=sha256:857c1dd5d70042502aef1c6d1c2801211f3ea7e56f75e9c335f434afb403e464 \
    --hash=sha256:893cba7bb0f55161de4365584b025f7064e1f88913551bcd23be3260b231429c \
    --hash=sha256:8deb4e31cd575c9f9370042876e078ca118117c1b5e1f22c32befcfbb6955f0c \
    --hash=sha256:a3aad0537cf4d9c1996434be68c6c9a6d233ac6f76c2a482c7803295b4e4f99a \
    --hash=sha256:b13eea5587e44f27f6c48588b5ad56dcb74a4f3a5f89250443c94587f3eb2ea1 \
    --hash=sha256:b532282ad4eca958b1b2d7dbcb2b7218e02cb934165859b918e3b6ba7772d3f4 \
    --hash=sha256:b69b6bd9dba6a03632534cdf67c760625760a215ae289f7489a452af1031fe1f \
    --hash=sha256:b75868b675949a96ab51abc114c7163f40ff0d8f7d6d5fd63f8932fd38e9c6d7 \
    --hash=sha256:bb1bbf92317e1f35afcf3ef0450219efb3afe00be79d8664b250ac0933b9015f \
    --hash=sha256:c41d2ce8bbaddcc0009cc73f65318eedfa3dbc88a8298081deb05389f1ab5542 \
    --hash=sha256:c6bdf134457ae0cac6fb68205776be635d31174eeac9541e1d0c062165c6461f \
    --hash=sha256:d3fce3f0e3de262a3b67e69916d001f3e767661c6e1ee42553009d445d1cd840 \
    --hash=sha256:e34ee844c2f17b18556b5bbe59e1e2ff4e86a00282d2a46edab73fd7f18f4a83 \
    --hash=sha256:e79a195f9e059edfe5d8bf6f3749b2599452d3e9380484cd261f6b7cd2c7c4da \
    --hash=sha256:e851beb536a427b5df8aa7d0c7835b29a13812f41e46292ff80b2ef77327355a \
    --hash=sha256:e8f8f61c518952fb15f74a302e068b48d9c4691768ade433e4adeea961993464 \
    --hash=sha256:eaa85bce251feca8e4c87ce3b954aba84b8c645b90f0e6a515c00394a9f5c0e7 \
    --hash=sha256:f14467edef672195c6f6b8e27ce5005313cb5d03c9239059bc7182b60c176e2d \
    --hash=sha256:f2ac8055a0c4a09b30b931100996ba49ef334c6947e7ae365cdd870416d7513e \
    --hash=sha256:fd723b47a8c08892b1a16b2c6239a8b96637c62a59b94bb5dab4bac592a58a8e
    # via
    #   -r requirements.txt
    #   ipykernel
decorator==5.2.1 \
    --hash=sha256:65f266143752f734b0a7cc83c46f4618af75b8c5911b00ccb61d0ac9b6da0360 \
    --hash=sha256:d316bb415a2d9e2d2b3abcc4084c6502fc09240e292cd76a76afc106a1c8e04a
    # via
    #   -r requirements.txt
    #   ipython
distlib==0.4.0 \
    --hash=sha256:9659f7d87e46584a30b5780e43ac7a2143098441670ff0a49d5f9034c54a6c16 \
    --hash=sha256:feec40075be03a04501a973d81f633735b4b69f98b05450592310c0f401a4e0d
    # via
    #   -r requirements.txt
    #   virtualenv
executing==2.2.1 \
    --hash=sha256:3632cc370565f6648cc328b32435bd120a1e4ebb20c77e3fdde9a13cd1e533c4 \
    --hash=sha256:760643d3452b4d777d295bb167ccc74c64a81df23fb5e08eff250c425a4b2017
    # via
    #   -r requirements.txt
    #   stack-data
filelock==3.20.0 \
    --hash=sha256:339b4732ffda5cd79b13f4e2711a31b0365ce445d95d243bb996273d072546a2 \
    --hash=sha256:711e943b4ec6be42e1d4e6690b48dc175c822967466bb31c0c293f34334c13f4
    # via
    #   -r requirements.txt
    #   virtualenv
flask==3.1.2 \
    --hash=sha256:bf656c15c80190ed628ad08cdfd3aaa35beb087855e2f494910aa3774cc4fd87 \
    --hash=sha256:ca1d8112ec8a6158cc29ea4858963350011b5c846a414cdb7a954aa9e967d03c
    # via -r requirements.txt
ipykernel==7.1.0 \
    --hash=sha256:58a3fc88533d5930c3546dc7eac66c6d288acde4f801e2001e65edc5dc9cf0db \
    --hash=sha256:763b5ec6c5b7776f6a8d7ce09b267693b4e5ce75cb50ae696aaefb3c85e1ea4c
    # via -r requirements.txt
ipython==9.6.0 \
    --hash=sha256:5603d6d5d356378be5043e69441a072b50a5b33b4503428c77b04cb8ce7bc731 \
    --hash=sha256:5f77efafc886d2f023442479b8149e7d86547ad0a979e9da9f045d252f648196
    # via
    #   -r requirements.txt
    #   ipykernel
ipython-pygments-lexers==1.1.1 \
    --hash=sha256:09c0138009e56b6854f9535736f4171d855c8c08a563a0dcd8022f78355c7e81 \
    --hash=sha256:a9462224a505ade19a605f71f8fa63c2048833ce50abc86768a0d81d876dc81c
    # via
    #   -r requirements.txt
    #   ipython
itsdangerous==2.2.0 \
    --hash=sha256:c6242fc49e35958c8b15141343aa660db5fc54d4f13a1db01a3f5891b98700ef \
    --hash=sha256:e0050c0b7da1eea53ffaf149c0cfbb5c6e2e2b69c4bef22c81fa6eb73e5f6173
    # via
    #   -r requirements.txt
    #   flask
jedi==0.19.2 \
    --hash=sha256:4770dc3de41bde3966b02eb84fbcf557fb33cce26ad23da12c742fb50ecb11f0 \
    --hash=sha256:a8ef22bde8490f57fe5c7681a3c83cb58874daf72b4784de3cce5b6ef6edb5b9
    # via
    #   -r requirements.txt
    #   ipython
jinja2==3.1.6 \
    --hash=sha256:0137fb05990d35f1275a587e9aee6d56da821fc83491a0fb838183be43f66d6d \
    --hash=sha256:85ece4451f492d0c13c5dd7c13a64681a86afae63a5f347908daf103ce6d2f67
    # via
    #   -r requirements.txt
    #   flask
joblib==1.5.2 \
    --hash=sha256:3faa5c39054b2f03ca547da9b2f52fde67c06240c31853f306aea97f13647b55 \
    --hash=sha256:4e1f0bdbb987e6d843c70cf43714cb276623def372df3c22fe5266b2670bc241
    # via
    #   -r requirements.txt
    #   scikit-learn
jupyter-client==8.6.3 \
    --hash=sha256:35b3a0947c4a6e9d589eb97d7d4cd5e90f910ee73101611f01283732bd6d9419 \
    --hash=sha256:e8a19cc986cc45905ac3362915f410f3af85424b4c0905e94fa5f2cb08e8f23f
    # via
    #   -r requirements.txt
    #   ipykernel
jupyter-core==5.9.1 \
    --hash=sha256:4d09aaff303b9566c3ce657f580bd089ff5c91f5f89cf7d8846c3cdf465b5508 \
    --hash=sha256:ebf87fdc6073d142e114c72c9e29a9d7ca03fad818c5d300ce2adc1fb0743407
    # via
    #   -r requirements.txt
    #   ipykernel
    #   jupyter-client
markupsafe==3.0.3 \
    --hash=sha256:0303439a41979d9e74d18ff5e2dd8c43ed6c6001fd40e5bf2e43f7bd9bbc523f \
    --hash=sha256:068f375c472b3e7acbe2d5318dea141359e6900156b5b2ba06a30b169086b91a \
    --hash=sha256:0bf2a864d67e76e5c9a34dc26ec616a66b9888e25e7b9460e1c76d3293bd9dbf \
    --hash=sha256:0db14f5dafddbb6d9208827849fad01f1a2609380add406671a26386cdf15a19 \
    --hash=sha256:0eb9ff8191e8498cca014656ae6b8d61f39da5f95b488805da4bb029cccbfbaf \
    --hash=sha256:0f4b68347f8c5eab4a13419215bdfd7f8c9b19f2b25520968adfad23eb0ce60c \
    --hash=sha256:1085e7fbddd3be5f89cc898938f42c0b3c711fdcb37d75221de2666af647c175 \
    --hash=sha256:116bb52f642a37c115f517494ea5feb03889e04df47eeff5b130b1808ce7c219 \
    --hash=sha256:12c63dfb4a98206f045aa9563db46507995f7ef6d83b2f68eda65c307c6829eb \
    --hash=sha256:133a43e73a802c5562be9bbcd03d090aa5a1fe899db609c29e8c8d815c5f6de6 \
    --hash=sha256:1353ef0c1b138e1907ae78e2f6c63ff67501122006b0f9abad68fda5f4ffc6ab \
    --hash=sha256:15d939a21d546304880945ca1ecb8a039db6b4dc49b2c5a400387cdae6a62e26 \
    --hash=sha256:177b5253b2834fe3678cb4a5f0059808258584c559193998be2601324fdeafb1 \
    --hash=sha256:1872df69a4de6aead3491198eaf13810b565bdbeec3ae2dc8780f14458ec73ce \
    --hash=sha256:1b4b79e8ebf6b55351f0d91fe80f893b4743f104bff22e90697db1590e47a218 \
    --hash=sha256:1b52b4fb9df4eb9ae465f8d0c228a00624de2334f216f178a995ccdcf82c4634 \
    --hash=sha256:1ba88449deb3de88bd40044603fafffb7bc2b055d626a330323a9ed736661695 \
    --hash=sha256:1cc7ea17a6824959616c525620e387f6dd30fec8cb44f649e31712db02123dad \
    --hash=sha256:218551f6df4868a8d527e3062d0fb968682fe92054e89978594c28e642c43a73 \
    --hash=sha256:26a5784ded40c9e318cfc2bdb30fe164bdb8665ded9cd64d500a34fb42067b1c \
    --hash=sha256:2713baf880df847f2bece4230d4d094280f4e67b1e813eec43b4c0e144a34ffe \
    --hash=sha256:2a15a08b17dd94c53a1da0438822d70ebcd13f8c3a95abe3a9ef9f11a94830aa \
    --hash=sha256:2f981d352f04553a7171b8e44369f2af4055f888dfb147d55e42d29e29e74559 \
    --hash=sha256:32001d6a8fc98c8cb5c947787c5d08b0a50663d139f1305bac5885d98d9b40fa \
    --hash=sha256:3524b778fe5cfb3452a09d31e7b5adefeea8c5be1d43c4f810ba09f2ceb29d37 \
    --hash=sha256:3537e01efc9d4dccdf77221fb1cb3b8e1a38d5428920e0657ce299b20324d758 \
    --hash=sha256:35add3b638a5d900e807944a078b51922212fb3dedb01633a8defc4b01a3c85f \
    --hash=sha256:38664109c14ffc9e7437e86b4dceb442b0096dfe3541d7864d9cbe1da4cf36c8 \
    --hash=sha256:3a7e8ae81ae39e62a41ec302f972ba6ae23a5c5396c8e60113e9066ef893da0d \
    --hash=sha256:3b562dd9e9ea93f13d53989d23a7e775fdfd1066c33494ff43f5418bc8c58a5c \
    --hash=sha256:457a69a9577064c05a97c41f4e65148652db078a3a509039e64d3467b9e7ef97 \
    --hash=sha256:4bd4cd07944443f5a265608cc6aab442e4f74dff8088b0dfc8238647b8f6ae9a \
    --hash=sha256:4e885a3d1efa2eadc93c894a21770e4bc67899e3543680313b09f139e149ab19 \
    --hash=sha256:4faffd047e07c38848ce017e8725090413cd80cbc23d86e55c587bf979e579c9 \
    --hash=sha256:509fa21c6deb7a7a273d629cf5ec029bc209d1a51178615ddf718f5918992ab9 \
    --hash=sha256:5678211cb9333a6468fb8d8be0305520aa073f50d17f089b5b4b477ea6e67fdc \
    --hash=sha256:591ae9f2a647529ca990bc681daebdd52c8791ff06c2bfa05b65163e28102ef2 \
    --hash=sha256:5a7d5dc5140555cf21a6fefbdbf8723f06fcd2f63ef108f2854de715e4422cb4 \
    --hash=sha256:69c0b73548bc525c8cb9a251cddf1931d1db4d2258e9599c28c07ef3580ef354 \
    --hash=sha256:6b5420a1d9450023228968e7e6a9ce57f65d148ab56d2313fcd589eee96a7a50 \
    --hash=sha256:722695808f4b6457b320fdc131280796bdceb04ab50fe1795cd540799ebe1698 \
    --hash=sha256:729586769a26dbceff69f7a7dbbf59ab6572b99d94576a5592625d5b411576b9 \
    --hash=sha256:77f0643abe7495da77fb436f50f8dab76dbc6e5fd25d39589a0f1fe6548bfa2b \
    --hash=sha256:795e7751525cae078558e679d646ae45574b47ed6e7771863fcc079a6171a0fc \
    --hash=sha256:7be7b61bb172e1ed687f1754f8e7484f1c8019780f6f6b0786e76bb01c2ae115 \
    --hash=sha256:7c3fb7d25180895632e5d3148dbdc29ea38ccb7fd210aa27acbd1201a1902c6e \
    --hash=sha256:7e68f88e5b8799aa49c85cd116c932a1ac15caaa3f5db09087854d218359e485 \
    --hash=sha256:83891d0e9fb81a825d9a6d61e3f07550ca70a076484292a70fde82c4b807286f \
    --hash=sha256:8485f406a96febb5140bfeca44a73e3ce5116b2501ac54fe953e488fb1d03b12 \
    --hash=sha256:8709b08f4a89aa7586de0aadc8da56180242ee0ada3999749b183aa23df95025 \
    --hash=sha256:8f71bc33915be5186016f675cd83a1e08523649b0e33efdb898db577ef5bb009 \
    --hash=sha256:915c04ba3851909ce68ccc2b8e2cd691618c4dc4c4232fb7982bca3f41fd8c3d \
    --hash=sha256:949b8d66bc381ee8b007cd945914c721d9aba8e27f71959d750a46f7c282b20b \
    --hash=sha256:94c6f0bb423f739146aec64595853541634bde58b2135f27f61c1ffd1cd4d16a \
    --hash=sha256:9a1abfdc021a164803f4d485104931fb8f8c1efd55bc6b748d2f5774e78b62c5 \
    --hash=sha256:9b79b7a16f7fedff2495d684f2b59b0457c3b493778c9eed31111be64d58279f \
    --hash=sha256:a320721ab5a1aba0a233739394eb907f8c8da5c98c9181d1161e77a0c8e36f2d \
    --hash=sha256:a4afe79fb3de0b7097d81da19090f4df4f8d3a2b3adaa8764138aac2e44f3af1 \
    --hash=sha256:ad2cf8aa28b8c020ab2fc8287b0f823d0a7d8630784c31e9ee5edea20f406287 \
    --hash=sha256:b8512a91625c9b3da6f127803b166b629725e68af71f8184ae7e7d54686a56d6 \
    --hash=sha256:bc51efed119bc9cfdf792cdeaa4d67e8f6fcccab66ed4bfdd6bde3e59bfcbb2f \
    --hash=sha256:bdc919ead48f234740ad807933cdf545180bfbe9342c2bb451556db2ed958581 \
    --hash=sha256:bdd37121970bfd8be76c5fb069c7751683bdf373db1ed6c010162b2a130248ed \
    --hash=sha256:be8813b57049a7dc738189df53d69395eba14fb99345e0a5994914a3864c8a4b \
    --hash=sha256:c0c0b3ade1c0b13b936d7970b1d37a57acde9199dc2aecc4c336773e1d86049c \
    --hash=sha256:c47a551199eb8eb2121d4f0f15ae0f923d31350ab9280078d1e5f12b249e0026 \
    --hash=sha256:c4ffb7ebf07cfe8931028e3e4c85f0357459a3f9f9490886198848f4fa002ec8 \
    --hash=sha256:ccfcd093f13f0f0b7fdd0f198b90053bf7b2f02a3927a30e63f3ccc9df56b676 \
    --hash=sha256:d2ee202e79d8ed691ceebae8e0486bd9a2cd4794cec4824e1c99b6f5009502f6 \
    --hash=sha256:d53197da72cc091b024dd97249dfc7794d6a56530370992a5e1a08983ad9230e \
    --hash=sha256:d6dd0be5b5b189d31db7cda48b91d7e0a9795f31430b7f271219ab30f1d3ac9d \
    --hash=sha256:d88b440e37a16e651bda4c7c2b930eb586fd15ca7406cb39e211fcff3bf3017d \
    --hash=sha256:de8a88e63464af587c950061a5e6a67d3632e36df62b986892331d4620a35c01 \
    --hash=sha256:df2449253ef108a379b8b5d6b43f4b1a8e81a061d6537becd5582fba5f9196d7 \
    --hash=sha256:e1c1493fb6e50ab01d20a22826e57520f1284df32f2d8601fdd90b6304601419 \
    --hash=sha256:e1cf1972137e83c5d4c136c43ced9ac51d0e124706ee1c8aa8532c1287fa8795 \
    --hash=sha256:e2103a929dfa2fcaf9bb4e7c091983a49c9ac3b19c9061b6d5427dd7d14d81a1 \
    --hash=sha256:e56b7d45a839a697b5eb268c82a71bd8c7f6c94d6fd50c3d577fa39a9f1409f5 \
    --hash=sha256:e8afc3f2ccfa24215f8cb28dcf43f0113ac3c37c2f0f0806d8c70e4228c5cf4d \
    --hash=sha256:e8fc20152abba6b83724d7ff268c249fa196d8259ff481f3b1476383f8f24e42 \
    --hash=sha256:eaa9599de571d72e2daf60164784109f19978b327a3910d3e9de8c97b5b70cfe \
    --hash=sha256:ec15a59cf5af7be74194f7ab02d0f59a62bdcf1a537677ce67a2537c9b87fcda \
    --hash=sha256:f190daf01f13c72eac4efd5c430a8de82489d9cff23c364c3ea822545032993e \
    --hash=sha256:f34c41761022dd093b4b6896d4810782ffbabe30f2d443ff5f083e0cbbb8c737 \
    --hash=sha256:f3e98bb3798ead92273dc0e5fd0f31ade220f59a266ffd8a4f6065e0a3ce0523 \
    --hash=sha256:f42d0984e947b8adf7dd6dde396e720934d12c506ce84eea8476409563607591 \
    --hash=sha256:f71a396b3bf33ecaa1626c255855702aca4d3d9fea5e051b41ac59a9c1c41edc \
    --hash=sha256:f9e130248f4462aaa8e2552d547f36ddadbeaa573879158d721bbd33dfe4743a \
    --hash=sha256:fed51ac40f757d41b7c48425901843666a6677e3e8eb0abcff09e4ba6e664f50
    # via
    #   -r requirements.txt
    #   flask
    #   jinja2
    #   werkzeug
matplotlib-inline==0.2.1 \
    --hash=sha256:d56ce5156ba6085e00a9d54fead6ed29a9c47e215cd1bba2e976ef39f5710a76 \
    --hash=sha256:e1ee949c340d771fc39e241ea75683deb94762c8fa5f2927ec57c83c4dffa9fe
    # via
    #   -r requirements.txt
    #   ipykernel
    #   ipython
nest-asyncio==1.6.0 \
    --hash=sha256:6f172d5449aca15afd6c646851f4e31e02c598d553a667e38cafa997cfec55fe \
    --hash=sha256:87af6efd6b5e897c81050477ef65c62e2b2f35d51703cae01aff2905b1852e1c
    # via
    #   -r requirements.txt
    #   ipykernel
numpy==2.3.4 \
    --hash=sha256:035796aaaddfe2f9664b9a9372f089cfc88bd795a67bd1bfe15e6e770934cf64 \
    --hash=sha256:043885b4f7e6e232d7df4f51ffdef8c36320ee9d5f227b380ea636722c7ed12e \
    --hash=sha256:04a69abe45b49c5955923cf2c407843d1c85013b424ae8a560bba16c92fe44a0 \
    --hash=sha256:0f2bcc76f1e05e5ab58893407c63d90b2029908fa41f9f1cc51eecce936c3365 \
    --hash=sha256:13b9062e4f5c7ee5c7e5be96f29ba71bc5a37fed3d1d77c37390ae00724d296d \
    --hash=sha256:15eea9f306b98e0be91eb344a94c0e630689ef302e10c2ce5f7e11905c704f9c \
    --hash=sha256:15fb27364ed84114438fff8aaf998c9e19adbeba08c0b75409f8c452a8692c52 \
    --hash=sha256:1b219560ae2c1de48ead517d085bc2d05b9433f8e49d0955c82e8cd37bd7bf36 \
    --hash=sha256:22758999b256b595cf0b1d102b133bb61866ba5ceecf15f759623b64c020c9ec \
    --hash=sha256:2ec646892819370cf3558f518797f16597b4e4669894a2ba712caccc9da53f1f \
    --hash=sha256:3634093d0b428e6c32c3a69b78e554f0cd20ee420dcad5a9f3b2a63762ce4197 \
    --hash=sha256:36dc13af226aeab72b7abad501d370d606326a0029b9f435eacb3b8c94b8a8b7 \
    --hash=sha256:3da3491cee49cf16157e70f607c03a217ea6647b1cea4819c4f48e53d49139b9 \
    --hash=sha256:40cc556d5abbc54aabe2b1ae287042d7bdb80c08edede19f0c0afb36ae586f37 \
    --hash=sha256:4121c5beb58a7f9e6dfdee612cb24f4df5cd4db6e8261d7f4d7450a997a65d6a \
    --hash=sha256:4635239814149e06e2cb9db3dd584b2fa64316c96f10656983b8026a82e6e4db \
    --hash=sha256:4c01835e718bcebe80394fd0ac66c07cbb90147ebbdad3dcecd3f25de2ae7e2c \
    --hash=sha256:4ee6a571d1e4f0ea6d5f22d6e5fbd6ed1dc2b18542848e1e7301bd190500c9d7 \
    --hash=sha256:56209416e81a7893036eea03abcb91c130643eb14233b2515c90dcac963fe99d \
    --hash=sha256:5e199c087e2aa71c8f9ce1cb7a8e10677dc12457e7cc1be4798632da37c3e86e \
    --hash=sha256:62b2198c438058a20b6704351b35a1d7db881812d8512d67a69c9de1f18ca05f \
    --hash=sha256:64c5825affc76942973a70acf438a8ab618dbd692b84cd5ec40a0a0509edc09a \
    --hash=sha256:65611ecbb00ac9846efe04db15cbe6186f562f6bb7e5e05f077e53a599225d16 \
    --hash=sha256:6d34ed9db9e6395bb6cd33286035f73a59b058169733a9db9f85e650b88df37e \
    --hash=sha256:6d9cd732068e8288dbe2717177320723ccec4fb064123f0caf9bbd90ab5be868 \
    --hash=sha256:6e274603039f924c0fe5cb73438fa9246699c78a6df1bd3decef9ae592ae1c05 \
    --hash=sha256:77b84453f3adcb994ddbd0d1c5d11db2d6bda1a2b7fd5ac5bd4649d6f5dc682e \
    --hash=sha256:7c26b0b2bf58009ed1f38a641f3db4be8d960a417ca96d14e5b06df1506d41ff \
    --hash=sha256:7fd09cc5d65bda1e79432859c40978010622112e9194e581e3415a3eccc7f43f \
    --hash=sha256:817e719a868f0dacde4abdfc5c1910b301877970195db9ab6a5e2c4bd5b121f7 \
    --hash=sha256:81b3a59793523e552c4a96109dde028aa4448ae06ccac5a76ff6532a85558a7f \
    --hash=sha256:81c3e6d8c97295a7360d367f9f8553973651b76907988bb6066376bc2252f24e \
    --hash=sha256:838f045478638b26c375ee96ea89464d38428c69170360b23a1a50fa4baa3562 \
    --hash=sha256:84f01a4d18b2cc4ade1814a08e5f3c907b079c847051d720fad15ce37aa930b6 \
    --hash=sha256:85597b2d25ddf655495e2363fe044b0ae999b75bc4d630dc0d886484b03a5eb0 \
    --hash=sha256:85d9fb2d8cd998c84d13a79a09cc0c1091648e848e4e6249b0ccd7f6b487fa26 \
    --hash=sha256:85e071da78d92a214212cacea81c6da557cab307f2c34b5f85b628e94803f9c0 \
    --hash=sha256:863e3b5f4d9915aaf1b8ec79ae560ad21f0b8d5e3adc31e73126491bb86dee1d \
    --hash=sha256:86966db35c4040fdca64f0816a1c1dd8dbd027d90fca5a57e00e1ca4cd41b879 \
    --hash=sha256:8ab1c5f5ee40d6e01cbe96de5863e39b215a4d24e7d007cad56c7184fdf4aeef \
    --hash=sha256:8b5a9a39c45d852b62693d9b3f3e0fe052541f804296ff401a72a1b60edafb29 \
    --hash=sha256:8dc20bde86802df2ed8397a08d793da0ad7a5fd4ea3ac85d757bf5dd4ad7c252 \
    --hash=sha256:957e92defe6c08211eb77902253b14fe5b480ebc5112bc741fd5e9cd0608f847 \
    --hash=sha256:962064de37b9aef801d33bc579690f8bfe6c5e70e29b61783f60bcba838a14d6 \
    --hash=sha256:985f1e46358f06c2a09921e8921e2c98168ed4ae12ccd6e5e87a4f1857923f32 \
    --hash=sha256:9984bd645a8db6ca15d850ff996856d8762c51a2239225288f08f9050ca240a0 \
    --hash=sha256:9cb177bc55b010b19798dc5497d540dea67fd13a8d9e882b2dae71de0cf09eb3 \
    --hash=sha256:9d729d60f8d53a7361707f4b68a9663c968882dd4f09e0d58c044c8bf5faee7b \
    --hash=sha256:a13fc473b6db0be619e45f11f9e81260f7302f8d180c49a22b6e6120022596b3 \
    --hash=sha256:a49d797192a8d950ca59ee2d0337a4d804f713bb5c3c50e8db26d49666e351dc \
    --hash=sha256:a700a4031bc0fd6936e78a752eefb79092cecad2599ea9c8039c548bc097f9bc \
    --hash=sha256:a7b2f9a18b5ff9824a6af80de4f37f4ec3c2aab05ef08f51c77a093f5b89adda \
    --hash=sha256:a7d018bfedb375a8d979ac758b120ba846a7fe764911a64465fd87b8729f4a6a \
    --hash=sha256:b6c231c9c2fadbae4011ca5e7e83e12dc4a5072f1a1d85a0a7b3ed754d145a40 \
    --hash=sha256:bafa7d87d4c99752d07815ed7a2c0964f8ab311eb8168f41b910bd01d15b6032 \
    --hash=sha256:bd0c630cf256b0a7fd9d0a11c9413b42fef5101219ce6ed5a09624f5a65392c7 \
    --hash=sha256:c090d4860032b857d94144d1a9976b8e36709e40386db289aaf6672de2a81966 \
    --hash=sha256:c2f91f496a87235c6aaf6d3f3d89b17dba64996abadccb289f48456cff931ca9 \
    --hash=sha256:d149aee5c72176d9ddbc6803aef9c0f6d2ceeea7626574fc68518da5476fa346 \
    --hash=sha256:d5e081bc082825f8b139f9e9fe42942cb4054524598aaeb177ff476cc76d09d2 \
    --hash=sha256:d7315ed1dab0286adca467377c8381cd748f3dc92235f22a7dfc42745644a96a \
    --hash=sha256:dabc42f9c6577bcc13001b8810d300fe814b4cfbe8a92c873f269484594f9786 \
    --hash=sha256:e1708fac43ef8b419c975926ce1eaf793b0c13b7356cfab6ab0dc34c0a02ac0f \
    --hash=sha256:e73d63fd04e3a9d6bc187f5455d81abfad05660b212c8804bf3b407e984cd2bc \
    --hash=sha256:e78aecd2800b32e8347ce49316d3eaf04aed849cd5b38e0af39f829a4e59f5eb \
    --hash=sha256:e8370eb6925bb8c1c4264fec52b0384b44f675f191df91cbe0140ec9f0955646 \
    --hash=sha256:ecb63014bb7f4ce653f8be7f1df8cbc6093a5a2811211770f6606cc92b5a78fd \
    --hash=sha256:ed759bf7a70342f7817d88376eb7142fab9fef8320d6019ef87fae05a99874e1 \
    --hash=sha256:ef1b5a3e808bc40827b5fa2c8196151a4c5abe110e1726949d7abddfe5c7ae11 \
    --hash=sha256:f77e5b3d3da652b474cc80a14084927a5e86a5eccf54ca8ca5cbd697bf7f2667 \
    --hash=sha256:faba246fb30ea2a526c2e9645f61612341de1a83fb1e0c5edf4ddda5a9c10996 \
    --hash=sha256:fc8a63918b04b8571789688b2780ab2b4a33ab44bfe8ccea36d3eba51228c953 \
    --hash=sha256:fdebe771ca06bb8d6abce84e51dca9f7921fe6ad34a0c914541b063e9a68928b \
    --hash=sha256:fea80f4f4cf83b54c3a051f2f727870ee51e22f0248d3114b8e755d160b38cfb
    # via
    #   -r requirements.txt
    #   scikit-learn
    #   scipy
packaging==25.0 \
    --hash=sha256:29572ef2b1f17581046b3a2227d5c611fb25ec70ca1ba8554b24b0e69331a484 \
    --hash=sha256:d443872c98d677bf60f6a1f2f8c1cb748e8fe762d2bf9d3148b5599295b0fc4f
    # via
    #   -r requirements.txt
    #   ipykernel
    #   pipenv
parso==0.8.5 \
    --hash=sha256:034d7354a9a018bdce352f48b2a8a450f05e9d6ee85db84764e9b6bd96dafe5a \
    --hash=sha256:646204b5ee239c396d040b90f9e272e9a8017c630092bf59980beb62fd033887
    # via
    #   -r requirements.txt
    #   jedi
pip==25.1.1 \
    --hash=sha256:2913a38a2abf4ea6b64ab507bd9e967f3b53dc1ede74b01b0931e1ce548751af \
    --hash=sha256:3de45d411d308d5054c2168185d8da7f9a2cd753dbac8acbfa88a8909ecd9077
    # via -r requirements.txt
pipenv==2025.0.4 \
    --hash=sha256:36fc2a7841ccdb2f58a9f787b296c2e15dea3b5b79b84d4071812f28b7e8d7a2 \
    --hash=sha256:e1fbe4cfd25ab179f123d1fbb1fa1cdc0b3ffcdb1f21c775dcaa12ccc356f2bb
    # via -r requirements.txt
platformdirs==4.5.0 \
    --hash=sha256:70ddccdd7c99fc5942e9fc25636a8b34d04c24b335100223152c2803e4063312 \
    --hash=sha256:e578a81bb873cbb89a41fcc904c7ef523cc18284b7e3b3ccf06aca1403b7ebd3
    # via
    #   -r requirements.txt
    #   jupyter-core
    #   virtualenv
prompt-toolkit==3.0.52 \
    --hash=sha256:28cde192929c8e7321de85de1ddbe736f1375148b02f2e17edd840042b1be855 \
    --hash=sha256:9aac639a3bbd33284347de5ad8d68ecc044b91a762dc39b7c21095fcd6a19955
    # via
    #   -r requirements.txt
    #   ipython
psutil==7.1.2 \
    --hash=sha256:0cc5c6889b9871f231ed5455a9a02149e388fffcb30b607fb7a8896a6d95f22e \
    --hash=sha256:20c00824048a95de67f00afedc7b08b282aa08638585b0206a9fb51f28f1a165 \
    --hash=sha256:2a486030d2fe81bec023f703d3d155f4823a10a47c36784c84f1cc7f8d39bedb \
    --hash=sha256:329f05610da6380982e6078b9d0881d9ab1e9a7eb7c02d833bfb7340aa634e31 \
    --hash=sha256:364b1c10fe4ed59c89ec49e5f1a70da353b27986fa8233b4b999df4742a5ee2f \
    --hash=sha256:3e988455e61c240cc879cb62a008c2699231bf3e3d061d7fce4234463fd2abb4 \
    --hash=sha256:3efd8fc791492e7808a51cb2b94889db7578bfaea22df931424f874468e389e3 \
    --hash=sha256:4a24bcd7b7f2918d934af0fb91859f621b873d6aa81267575e3655cd387572a7 \
    --hash=sha256:625977443498ee7d6c1e63e93bacca893fd759a66c5f635d05e05811d23fb5ee \
    --hash=sha256:7b04c29e3c0c888e83ed4762b70f31e65c42673ea956cefa8ced0e31e185f582 \
    --hash=sha256:7d9623a5e4164d2220ecceb071f4b333b3c78866141e8887c072129185f41278 \
    --hash=sha256:8e17852114c4e7996fe9da4745c2bdef001ebbf2f260dec406290e66628bdb91 \
    --hash=sha256:8e9e77a977208d84aa363a4a12e0f72189d58bbf4e46b49aae29a2c6e93ef206 \
    --hash=sha256:aa225cdde1335ff9684708ee8c72650f6598d5ed2114b9a7c5802030b1785018 \
    --hash=sha256:c9ba5c19f2d46203ee8c152c7b01df6eec87d883cfd8ee1af2ef2727f6b0f814 \
    --hash=sha256:e09cfe92aa8e22b1ec5e2d394820cf86c5dff6367ac3242366485dfa874d43bc \
    --hash=sha256:e2aeb9b64f481b8eabfc633bd39e0016d4d8bbcd590d984af764d80bf0851b8a \
    --hash=sha256:f101ef84de7e05d41310e3ccbdd65a6dd1d9eed85e8aaf0758405d022308e204 \
    --hash=sha256:fa6342cf859c48b19df3e4aa170e4cfb64aadc50b11e06bb569c6c777b089c9e
    # via
    #   -r requirements.txt
    #   ipykernel
pure-eval==0.2.3 \
    --hash=sha256:1db8e35b67b3d218d818ae653e27f06c3aa420901fa7b081ca98cbedc874e0d0 \
    --hash=sha256:5f4e983f40564c576c7c8635ae88db5956bb2229d7e9237d03b3c0b0190eaf42
    # via
    #   -r requirements.txt
    #   stack-data
pygments==2.19.2 \
    --hash=sha256:636cb2477cec7f8952536970bc533bc43743542f70392ae026374600add5b887 \
    --hash=sha256:86540386c03d588bb81d44bc3928634ff26449851e99741617ecb9037ee5ec0b
    # via
    #   -r requirements.txt
    #   ipython
    #   ipython-pygments-lexers
python-dateutil==2.9.0.post0 \
    --hash=sha256:37dd54208da7e1cd875388217d5e00ebd4179249f90fb72437e91a35459a0ad3 \
    --hash=sha256:a8b2bc7bffae282281c8140a97d3aa9c14da0b136dfe83f850eea9a5f7470427
    # via
    #   -r requirements.txt
    #   jupyter-client
pyzmq==27.1.0 \
    --hash=sha256:01c0e07d558b06a60773744ea6251f769cd79a41a97d11b8bf4ab8f034b0424d \
    --hash=sha256:01f9437501886d3a1dd4b02ef59fb8cc384fa718ce066d52f175ee49dd5b7ed8 \
    --hash=sha256:03ff0b279b40d687691a6217c12242ee71f0fba28bf8626ff50e3ef0f4410e1e \
    --hash=sha256:05b12f2d32112bf8c95ef2e74ec4f1d4beb01f8b5e703b38537f8849f92cb9ba \
    --hash=sha256:0790a0161c281ca9723f804871b4027f2e8b5a528d357c8952d08cd1a9c15581 \
    --hash=sha256:08363b2011dec81c354d694bdecaef4770e0ae96b9afea70b3f47b973655cc05 \
    --hash=sha256:08e90bb4b57603b84eab1d0ca05b3bbb10f60c1839dc471fc1c9e1507bef3386 \
    --hash=sha256:0c996ded912812a2fcd7ab6574f4ad3edc27cb6510349431e4930d4196ade7db \
    --hash=sha256:0de3028d69d4cdc475bfe47a6128eb38d8bc0e8f4d69646adfbcd840facbac28 \
    --hash=sha256:15c8bd0fe0dabf808e2d7a681398c4e5ded70a551ab47482067a572c054c8e2e \
    --hash=sha256:1779be8c549e54a1c38f805e56d2a2e5c009d26de10921d7d51cfd1c8d4632ea \
    --hash=sha256:18339186c0ed0ce5835f2656cdfb32203125917711af64da64dbaa3d949e5a1b \
    --hash=sha256:18770c8d3563715387139060d37859c02ce40718d1faf299abddcdcc6a649066 \
    --hash=sha256:190cbf120fbc0fc4957b56866830def56628934a9d112aec0e2507aa6a032b97 \
    --hash=sha256:19c9468ae0437f8074af379e986c5d3d7d7bfe033506af442e8c879732bedbe0 \
    --hash=sha256:1c179799b118e554b66da67d88ed66cd37a169f1f23b5d9f0a231b4e8d44a113 \
    --hash=sha256:1f0b2a577fd770aa6f053211a55d1c47901f4d537389a034c690291485e5fe92 \
    --hash=sha256:1f8426a01b1c4098a750973c37131cf585f61c7911d735f729935a0c701b68d3 \
    --hash=sha256:226b091818d461a3bef763805e75685e478ac17e9008f49fce2d3e52b3d58b86 \
    --hash=sha256:250e5436a4ba13885494412b3da5d518cd0d3a278a1ae640e113c073a5f88edd \
    --hash=sha256:346e9ba4198177a07e7706050f35d733e08c1c1f8ceacd5eb6389d653579ffbc \
    --hash=sha256:3837439b7f99e60312f0c926a6ad437b067356dc2bc2ec96eb395fd0fe804233 \
    --hash=sha256:3970778e74cb7f85934d2b926b9900e92bfe597e62267d7499acc39c9c28e345 \
    --hash=sha256:43ad9a73e3da1fab5b0e7e13402f0b2fb934ae1c876c51d0afff0e7c052eca31 \
    --hash=sha256:448f9cb54eb0cee4732b46584f2710c8bc178b0e5371d9e4fc8125201e413a74 \
    --hash=sha256:452631b640340c928fa343801b0d07eb0c3789a5ffa843f6e1a9cee0ba4eb4fc \
    --hash=sha256:49d3980544447f6bd2968b6ac913ab963a49dcaa2d4a2990041f16057b04c429 \
    --hash=sha256:4a19387a3dddcc762bfd2f570d14e2395b2c9701329b266f83dd87a2b3cbd381 \
    --hash=sha256:4c618fbcd069e3a29dcd221739cacde52edcc681f041907867e0f5cc7e85f172 \
    --hash=sha256:50081a4e98472ba9f5a02850014b4c9b629da6710f8f14f3b15897c666a28f1b \
    --hash=sha256:507b6f430bdcf0ee48c0d30e734ea89ce5567fd7b8a0f0044a369c176aa44556 \
    --hash=sha256:508e23ec9bc44c0005c4946ea013d9317ae00ac67778bd47519fdf5a0e930ff4 \
    --hash=sha256:510869f9df36ab97f89f4cff9d002a89ac554c7ac9cadd87d444aa4cf66abd27 \
    --hash=sha256:53b40f8ae006f2734ee7608d59ed661419f087521edbfc2149c3932e9c14808c \
    --hash=sha256:544b4e3b7198dde4a62b8ff6685e9802a9a1ebf47e77478a5eb88eca2a82f2fd \
    --hash=sha256:5bbf8d3630bf96550b3be8e1fc0fea5cbdc8d5466c1192887bd94869da17a63e \
    --hash=sha256:677e744fee605753eac48198b15a2124016c009a11056f93807000ab11ce6526 \
    --hash=sha256:6bb54ca21bcfe361e445256c15eedf083f153811c37be87e0514934d6913061e \
    --hash=sha256:6df079c47d5902af6db298ec92151db82ecb557af663098b92f2508c398bb54f \
    --hash=sha256:6f3afa12c392f0a44a2414056d730eebc33ec0926aae92b5ad5cf26ebb6cc128 \
    --hash=sha256:7200bb0f03345515df50d99d3db206a0a6bee1955fbb8c453c76f5bf0e08fb96 \
    --hash=sha256:722ea791aa233ac0a819fc2c475e1292c76930b31f1d828cb61073e2fe5e208f \
    --hash=sha256:726b6a502f2e34c6d2ada5e702929586d3ac948a4dbbb7fed9854ec8c0466027 \
    --hash=sha256:753d56fba8f70962cd8295fb3edb40b9b16deaa882dd2b5a3a2039f9ff7625aa \
    --hash=sha256:75a2f36223f0d535a0c919e23615fc85a1e23b71f40c7eb43d7b1dedb4d8f15f \
    --hash=sha256:7be883ff3d722e6085ee3f4afc057a50f7f2e0c72d289fd54df5706b4e3d3a50 \
    --hash=sha256:7ccc0700cfdf7bd487bea8d850ec38f204478681ea02a582a8da8171b7f90a1c \
    --hash=sha256:8085a9fba668216b9b4323be338ee5437a235fe275b9d1610e422ccc279733e2 \
    --hash=sha256:80d834abee71f65253c91540445d37c4c561e293ba6e741b992f20a105d69146 \
    --hash=sha256:849ca054d81aa1c175c49484afaaa5db0622092b5eccb2055f9f3bb8f703782d \
    --hash=sha256:90e6e9441c946a8b0a667356f7078d96411391a3b8f80980315455574177ec97 \
    --hash=sha256:93ad4b0855a664229559e45c8d23797ceac03183c7b6f5b4428152a6b06684a5 \
    --hash=sha256:9541c444cfe1b1c0156c5c86ece2bb926c7079a18e7b47b0b1b3b1b875e5d098 \
    --hash=sha256:96c71c32fff75957db6ae33cd961439f386505c6e6b377370af9b24a1ef9eafb \
    --hash=sha256:9a916f76c2ab8d045b19f2286851a38e9ac94ea91faf65bd64735924522a8b32 \
    --hash=sha256:9c1790386614232e1b3a40a958454bdd42c6d1811837b15ddbb052a032a43f62 \
    --hash=sha256:9ce490cf1d2ca2ad84733aa1d69ce6855372cb5ce9223802450c9b2a7cba0ccf \
    --hash=sha256:a1aa0ee920fb3825d6c825ae3f6c508403b905b698b6460408ebd5bb04bbb312 \
    --hash=sha256:a5b42d7a0658b515319148875fcb782bbf118dd41c671b62dae33666c2213bda \
    --hash=sha256:ac0765e3d44455adb6ddbf4417dcce460fc40a05978c08efdf2948072f6db540 \
    --hash=sha256:ac25465d42f92e990f8d8b0546b01c391ad431c3bf447683fdc40565941d0604 \
    --hash=sha256:ad68808a61cbfbbae7ba26d6233f2a4aa3b221de379ce9ee468aa7a83b9c36b0 \
    --hash=sha256:add071b2d25f84e8189aaf0882d39a285b42fa3853016ebab234a5e78c7a43db \
    --hash=sha256:b1267823d72d1e40701dcba7edc45fd17f71be1285557b7fe668887150a14b78 \
    --hash=sha256:b2e592db3a93128daf567de9650a2f3859017b3f7a66bc4ed6e4779d6034976f \
    --hash=sha256:b721c05d932e5ad9ff9344f708c96b9e1a485418c6618d765fca95d4daacfbef \
    --hash=sha256:bafcb3dd171b4ae9f19ee6380dfc71ce0390fefaf26b504c0e5f628d7c8c54f2 \
    --hash=sha256:bd67e7c8f4654bef471c0b1ca6614af0b5202a790723a58b79d9584dc8022a78 \
    --hash=sha256:bf7b38f9fd7b81cb6d9391b2946382c8237fd814075c6aa9c3b746d53076023b \
    --hash=sha256:c0bb87227430ee3aefcc0ade2088100e528d5d3298a0a715a64f3d04c60ba02f \
    --hash=sha256:c17e03cbc9312bee223864f1a2b13a99522e0dc9f7c5df0177cd45210ac286e6 \
    --hash=sha256:c65047adafe573ff023b3187bb93faa583151627bc9c51fc4fb2c561ed689d39 \
    --hash=sha256:c895a6f35476b0c3a54e3eb6ccf41bf3018de937016e6e18748317f25d4e925f \
    --hash=sha256:c9f7f6e13dff2e44a6afeaf2cf54cee5929ad64afaf4d40b50f93c58fc687355 \
    --hash=sha256:ce980af330231615756acd5154f29813d553ea555485ae712c491cd483df6b7a \
    --hash=sha256:cedc4c68178e59a4046f97eca31b148ddcf51e88677de1ef4e78cf06c5376c9a \
    --hash=sha256:cf44a7763aea9298c0aa7dbf859f87ed7012de8bda0f3977b6fb1d96745df856 \
    --hash=sha256:d54530c8c8b5b8ddb3318f481297441af102517602b569146185fa10b63f4fa9 \
    --hash=sha256:da96ecdcf7d3919c3be2de91a8c513c186f6762aa6cf7c01087ed74fad7f0968 \
    --hash=sha256:dc5dbf68a7857b59473f7df42650c621d7e8923fb03fa74a526890f4d33cc4d7 \
    --hash=sha256:dd2fec2b13137416a1c5648b7009499bcc8fea78154cd888855fa32514f3dad1 \
    --hash=sha256:df7cd397ece96cf20a76fae705d40efbab217d217897a5053267cd88a700c266 \
    --hash=sha256:e2687c2d230e8d8584fbea433c24382edfeda0c60627aca3446aa5e58d5d1831 \
    --hash=sha256:e30a74a39b93e2e1591b58eb1acef4902be27c957a8720b0e368f579b82dc22f \
    --hash=sha256:e343d067f7b151cfe4eb3bb796a7752c9d369eed007b91231e817071d2c2fec7 \
    --hash=sha256:e829529fcaa09937189178115c49c504e69289abd39967cd8a4c215761373394 \
    --hash=sha256:eca6b47df11a132d1745eb3b5b5e557a7dae2c303277aa0e69c6ba91b8736e07 \
    --hash=sha256:f30f395a9e6fbca195400ce833c731e7b64c3919aa481af4d88c3759e0cb7496 \
    --hash=sha256:f328d01128373cb6763823b2b4e7f73bdf767834268c565151eacb3b7a392f90 \
    --hash=sha256:f605d884e7c8be8fe1aa94e0a783bf3f591b84c24e4bc4f3e7564c82ac25e271 \
    --hash=sha256:fbb4f2400bfda24f12f009cba62ad5734148569ff4949b1b6ec3b519444342e6 \
    --hash=sha256:ff8d114d14ac671d88c89b9224c63d6c4e5a613fe8acd5594ce53d752a3aafe9
    # via
    #   -r requirements.txt
    #   ipykernel
    #   jupyter-client
scikit-learn==1.6.1 \
    --hash=sha256:0650e730afb87402baa88afbf31c07b84c98272622aaba002559b614600ca691 \
    --hash=sha256:0c8d036eb937dbb568c6242fa598d551d88fb4399c0344d95c001980ec1c7d36 \
    --hash=sha256:1061b7c028a8663fb9a1a1baf9317b64a257fcb036dae5c8752b2abef31d136f \
    --hash=sha256:25fc636bdaf1cc2f4a124a116312d837148b5e10872147bdaf4887926b8c03d8 \
    --hash=sha256:2c2cae262064e6a9b77eee1c8e768fc46aa0b8338c6a8297b9b6759720ec0ff2 \
    --hash=sha256:2e69fab4ebfc9c9b580a7a80111b43d214ab06250f8a7ef590a4edf72464dd86 \
    --hash=sha256:2ffa1e9e25b3d93990e74a4be2c2fc61ee5af85811562f1288d5d055880c4322 \
    --hash=sha256:3f59fe08dc03ea158605170eb52b22a105f238a5d512c4470ddeca71feae8e5f \
    --hash=sha256:44a17798172df1d3c1065e8fcf9019183f06c87609b49a124ebdf57ae6cb0107 \
    --hash=sha256:6849dd3234e87f55dce1db34c89a810b489ead832aaf4d4550b7ea85628be6c1 \
    --hash=sha256:6a7aa5f9908f0f28f4edaa6963c0a6183f1911e63a69aa03782f0d924c830a35 \
    --hash=sha256:70b1d7e85b1c96383f872a519b3375f92f14731e279a7b4c6cfd650cf5dffc52 \
    --hash=sha256:72abc587c75234935e97d09aa4913a82f7b03ee0b74111dcc2881cba3c5a7b33 \
    --hash=sha256:775da975a471c4f6f467725dff0ced5c7ac7bda5e9316b260225b48475279a1b \
    --hash=sha256:7a1c43c8ec9fde528d664d947dc4c0789be4077a3647f232869f41d9bf50e0fb \
    --hash=sha256:7a73d457070e3318e32bdb3aa79a8d990474f19035464dfd8bede2883ab5dc3b \
    --hash=sha256:8634c4bd21a2a813e0a7e3900464e6d593162a29dd35d25bdf0103b3fce60ed5 \
    --hash=sha256:8a600c31592bd7dab31e1c61b9bbd6dea1b3433e67d264d17ce1017dbdce8002 \
    --hash=sha256:926f207c804104677af4857b2c609940b743d04c4c35ce0ddc8ff4f053cddc1b \
    --hash=sha256:a17c1dea1d56dcda2fac315712f3651a1fea86565b64b48fa1bc090249cbf236 \
    --hash=sha256:b3b00cdc8f1317b5f33191df1386c0befd16625f49d979fe77a8d44cae82410d \
    --hash=sha256:b4fc2525eca2c69a59260f583c56a7557c6ccdf8deafdba6e060f94c1c59738e \
    --hash=sha256:b8b7a3b86e411e4bce21186e1c180d792f3d99223dcfa3b4f597ecc92fa1a422 \
    --hash=sha256:c06beb2e839ecc641366000ca84f3cf6fa9faa1777e29cf0c04be6e4d096a348 \
    --hash=sha256:d056391530ccd1e501056160e3c9673b4da4805eb67eb2bdf4e983e1f9c9204e \
    --hash=sha256:dc4765af3386811c3ca21638f63b9cf5ecf66261cc4815c1db3f1e7dc7b79db2 \
    --hash=sha256:dc5cf3d68c5a20ad6d571584c0750ec641cc46aeef1c1507be51300e6003a7e1 \
    --hash=sha256:e7be3fa5d2eb9be7d77c3734ff1d599151bb523674be9b834e8da6abe132f44e \
    --hash=sha256:e8ca8cb270fee8f1f76fa9bfd5c3507d60c6438bbee5687f81042e2bb98e5a97 \
    --hash=sha256:fa909b1a36e000a03c382aade0bd2063fd5680ff8b8e501660c0f59f021a6415
    # via -r requirements.txt
scipy==1.16.2 \
    --hash=sha256:024dd4a118cccec09ca3209b7e8e614931a6ffb804b2a601839499cb88bdf925 \
    --hash=sha256:033570f1dcefd79547a88e18bccacff025c8c647a330381064f561d43b821232 \
    --hash=sha256:03dfc75e52f72cf23ec2ced468645321407faad8f0fe7b1f5b49264adbc29cb1 \
    --hash=sha256:0a17541827a9b78b777d33b623a6dcfe2ef4a25806204d08ead0768f4e529a88 \
    --hash=sha256:0ce54e07bbb394b417457409a64fd015be623f36e330ac49306433ffe04bc97e \
    --hash=sha256:116296e89fba96f76353a8579820c2512f6e55835d3fad7780fece04367de351 \
    --hash=sha256:17d9bb346194e8967296621208fcdfd39b55498ef7d2f376884d5ac47cec1a70 \
    --hash=sha256:26284797e38b8a75e14ea6631d29bda11e76ceaa6ddb6fdebbfe4c4d90faf2f9 \
    --hash=sha256:2a8ffaa4ac0df81a0b94577b18ee079f13fecdb924df3328fc44a7dc5ac46851 \
    --hash=sha256:2cc73a33305b4b24556957d5857d6253ce1e2dcd67fa0ff46d87d1670b3e1e1d \
    --hash=sha256:2f5350da923ccfd0b00e07c3e5cfb316c1c0d6c1d864c07a72d092e9f20db104 \
    --hash=sha256:4e409eac067dcee96a57fbcf424c13f428037827ec7ee3cb671ff525ca4fc34d \
    --hash=sha256:5221c0b2a4b58aa7c4ed0387d360fd90ee9086d383bb34d9f2789fafddc8a936 \
    --hash=sha256:53d8d2ee29b925344c13bda64ab51785f016b1b9617849dac10897f0701b20c1 \
    --hash=sha256:567e77755019bb7461513c87f02bb73fb65b11f049aaaa8ca17cfaa5a5c45d77 \
    --hash=sha256:5c39026d12edc826a1ef2ad35ad1e6d7f087f934bb868fc43fa3049c8b8508f9 \
    --hash=sha256:5c66511f29aa8d233388e7416a3f20d5cae7a2744d5cee2ecd38c081f4e861b3 \
    --hash=sha256:5e9feab931bd2aea4a23388c962df6468af3d808ddf2d40f94a81c5dc38f32ef \
    --hash=sha256:63870a84cd15c44e65220eaed2dac0e8f8b26bbb991456a033c1d9abfe8a94f8 \
    --hash=sha256:6406d2ac6d40b861cccf57f49592f9779071655e9f75cd4f977fa0bdd09cb2e4 \
    --hash=sha256:654324826654d4d9133e10675325708fb954bc84dae6e9ad0a52e75c6b1a01d7 \
    --hash=sha256:6ab88ea43a57da1af33292ebd04b417e8e2eaf9d5aa05700be8d6e1b6501cd92 \
    --hash=sha256:70327d6aa572a17c2941cdfb20673f82e536e91850a2e4cb0c5b858b690e1548 \
    --hash=sha256:7280d926f11ca945c3ef92ba960fa924e1465f8d07ce3a9923080363390624c4 \
    --hash=sha256:7a5dc7ee9c33019973a470556081b0fd3c9f4c44019191039f9769183141a4d9 \
    --hash=sha256:7f3a337d9ae06a1e8d655ee9d8ecb835ea5ddcdcbd8d23012afa055ab014f374 \
    --hash=sha256:7fe65b36036357003b3ef9d37547abeefaa353b237e989c21027b8ed62b12d4f \
    --hash=sha256:84f7bf944b43e20b8a894f5fe593976926744f6c185bacfcbdfbb62736b5cc70 \
    --hash=sha256:87eb178db04ece7c698220d523c170125dbffebb7af0345e66c3554f6f60c173 \
    --hash=sha256:89d6c100fa5c48472047632e06f0876b3c4931aac1f4291afc81a3644316bb0d \
    --hash=sha256:8afae1756f6a1fe04636407ef7dbece33d826a5d462b74f3d0eb82deabefd831 \
    --hash=sha256:912f46667d2d3834bc3d57361f854226475f695eb08c08a904aadb1c936b6a88 \
    --hash=sha256:91e9e8a37befa5a69e9cacbe0bcb79ae5afb4a0b130fd6db6ee6cc0d491695fa \
    --hash=sha256:9702c4c023227785c779cba2e1d6f7635dbb5b2e0936cdd3a4ecb98d78fd41eb \
    --hash=sha256:98e22834650be81d42982360382b43b17f7ba95e0e6993e2a4f5b9ad9283a94d \
    --hash=sha256:9e05e33657efb4c6a9d23bd8300101536abd99c85cca82da0bffff8d8764d08a \
    --hash=sha256:9ea2a3fed83065d77367775d689401a703d0f697420719ee10c0780bcab594d8 \
    --hash=sha256:9fb1eb735fe3d6ed1f89918224e3385fbf6f9e23757cacc35f9c78d3b712dd6e \
    --hash=sha256:af029b153d243a80afb6eabe40b0a07f8e35c9adc269c019f364ad747f826a6b \
    --hash=sha256:af80196eaa84f033e48444d2e0786ec47d328ba00c71e4299b602235ffef9acb \
    --hash=sha256:b0348d8ddb55be2a844c518cd8cc8deeeb8aeba707cf834db5758fc89b476a2c \
    --hash=sha256:bab3605795d269067d8ce78a910220262711b753de8913d3deeaedb5dded3bb6 \
    --hash=sha256:c2275ff105e508942f99d4e3bc56b6ef5e4b3c0af970386ca56b777608ce95b7 \
    --hash=sha256:c95e96c7305c96ede73a7389f46ccd6c659c4da5ef1b2789466baeaed3622b6e \
    --hash=sha256:ca748936cd579d3f01928b30a17dc474550b01272d8046e3e1ee593f23620371 \
    --hash=sha256:d1cdf0ac28948d225decdefcc45ad7dd91716c29ab56ef32f8e0d50657dffcc7 \
    --hash=sha256:d2a4472c231328d4de38d5f1f68fdd6d28a615138f842580a8a321b5845cf779 \
    --hash=sha256:d7d4c6ba016ffc0f9568d012f5f1eb77ddd99412aea121e6fa8b4c3b7cbad91f \
    --hash=sha256:e52729ffd45b68777c5319560014d6fd251294200625d9d70fd8626516fc49f5 \
    --hash=sha256:e574be127bb760f0dad24ff6e217c80213d153058372362ccb9555a10fc5e8d2 \
    --hash=sha256:ea3421209bf00c8a5ef2227de496601087d8f638a2363ee09af059bd70976dc1 \
    --hash=sha256:ec6e74c4e884104ae006d34110677bfe0098203a3fec2f3faf349f4cb05165e3 \
    --hash=sha256:efe6305aeaa0e96b0ccca5ff647a43737d9a092064a3894e46c414db84bc54ac \
    --hash=sha256:f3bf75a6dcecab62afde4d1f973f1692be013110cad5338007927db8da73249c \
    --hash=sha256:f5a85d7b2b708025af08f060a496dd261055b617d776fc05a1a1cc69e09fe9ff \
    --hash=sha256:f5db5ba6188d698ba7abab982ad6973265b74bb40a1efe1821b58c87f73892b9 \
    --hash=sha256:f66bd07ba6f84cd4a380b41d1bf3c59ea488b590a2ff96744845163309ee8e2f \
    --hash=sha256:fa01f0f6a3050fa6a9771a95d5faccc8e2f5a92b4a2e5440a0fa7264a2398472 \
    --hash=sha256:fac4f8ce2ddb40e2e3d0f7ec36d2a1e7f92559a2471e59aec37bd8d9de01fec0 \
    --hash=sha256:fda714cf45ba43c9d3bae8f2585c777f64e3f89a2e073b668b32ede412d8f52c \
    --hash=sha256:ff4dc42bd321991fbf611c23fc35912d690f731c9914bf3af8f417e64aca0f21
    # via
    #   -r requirements.txt
    #   scikit-learn
setuptools==80.9.0 \
    --hash=sha256:062d34222ad13e0cc312a4c02d73f059e86a4acbfbdea8f8f76b28c99f306922 \
    --hash=sha256:f36b47402ecde768dbfafc46e8e4207b4360c654f1f3bb84475f0a28628fb19c
    # via
    #   -r requirements.txt
    #   pipenv
six==1.17.0 \
    --hash=sha256:4721f391ed90541fddacab5acf947aa0d3dc7d27b2e1e8eda2be8970586c3274 \
    --hash=sha256:ff70335d468e7eb6ec65b95b99d3a2836546063f63acc5171de367e834932a81
    # via
    #   -r requirements.txt
    #   python-dateutil
stack-data==0.6.3 \
    --hash=sha256:836a778de4fec4dcd1dcd89ed8abff8a221f58308462e1c4aa2a3cf30148f0b9 \
    --hash=sha256:d5558e0c25a4cb0853cddad3d77da9891a08cb85dd9f9f91b9f8cd66e511e695
    # via
    #   -r requirements.txt
    #   ipython
threadpoolctl==3.6.0 \
    --hash=sha256:43a0b8fd5a2928500110039e43a5eed8480b918967083ea48dc3ab9f13c4a7fb \
    --hash=sha256:8ab8b4aa3491d812b623328249fab5302a68d2d71745c8a4c719a2fcaba9f44e
    # via
    #   -r requirements.txt
    #   scikit-learn
tornado==6.5.2 \
    --hash=sha256:06ceb1300fd70cb20e43b1ad8aaee0266e69e7ced38fa910ad2e03285009ce7c \
    --hash=sha256:2436822940d37cde62771cff8774f4f00b3c8024fe482e16ca8387b8a2724db6 \
    --hash=sha256:583a52c7aa94ee046854ba81d9ebb6c81ec0fd30386d96f7640c96dad45a03ef \
    --hash=sha256:74db443e0f5251be86cbf37929f84d8c20c27a355dd452a5cfa2aada0d001ec4 \
    --hash=sha256:ab53c8f9a0fa351e2c0741284e06c7a45da86afb544133201c5cc8578eb076a0 \
    --hash=sha256:b0fe179f28d597deab2842b86ed4060deec7388f1fd9c1b4a41adf8af058907e \
    --hash=sha256:b186e85d1e3536d69583d2298423744740986018e393d0321df7340e71898882 \
    --hash=sha256:b5e735ab2889d7ed33b32a459cac490eda71a1ba6857b0118de476ab6c366c04 \
    --hash=sha256:c6f29e94d9b37a95013bb669616352ddb82e3bfe8326fccee50583caebc8a5f0 \
    --hash=sha256:d6c33dc3672e3a1f3618eb63b7ef4683a7688e7b9e6e8f0d9aa5726360a004af \
    --hash=sha256:e56a5af51cc30dd2cae649429af65ca2f6571da29504a07995175df14c18f35f \
    --hash=sha256:e792706668c87709709c18b353da1f7662317b563ff69f00bab83595940c7108
    # via
    #   -r requirements.txt
    #   ipykernel
    #   jupyter-client
traitlets==5.14.3 \
    --hash=sha256:9ed0579d3502c94b4b3732ac120375cda96f923114522847de4b3bb98b96b6b7 \
    --hash=sha256:b74e89e397b1ed28cc831db7aea759ba6640cb3de13090ca145426688ff1ac4f
    # via
    #   -r requirements.txt
    #   ipykernel
    #   ipython
    #   jupyter-client
    #   jupyter-core
    #   matplotlib-inline
virtualenv==20.35.4 \
    --hash=sha256:643d3914d73d3eeb0c552cbb12d7e82adf0e504dbf86a3182f8771a153a1971c \
    --hash=sha256:c21c9cede36c9753eeade68ba7d523529f228a403463376cf821eaae2b650f1b
    # via
    #   -r requirements.txt
    #   pipenv
waitress==3.0.2 \
    --hash=sha256:682aaaf2af0c44ada4abfb70ded36393f0e307f4ab9456a215ce0020baefc31f \
    --hash=sha256:c56d67fd6e87c2ee598b76abdd4e96cfad1f24cacdea5078d382b1f9d7b5ed2e
    # via -r requirements.txt
wcwidth==0.2.14 \
    --hash=sha256:4d478375d31bc5395a3c55c40ccdf3354688364cd61c4f6adacaa9215d0b3605 \
    --hash=sha256:a7bb560c8aee30f9957e5f9895805edd20602f2d7f720186dfd906e82b4982e1
    # via
    #   -r requirements.txt
    #   prompt-toolkit
werkzeug==3.1.3 \
    --hash=sha256:54b78bf3716d19a65be4fceccc0d1d7b89e608834989dfae50ea87564639213e \
    --hash=sha256:60723ce945c19328679790e3282cc758aa4a6040e4bb330f53d30fa546d44746
    # via
    #   -r requirements.txt
    #   flask
